// !$*UTF8*$!
{
	archiveVersion = 1;
	classes = {
	};
	objectVersion = 46;
	objects = {

/* Begin PBXBuildFile section */
		111EC0751DB8E24600E86256 /* main.m in Sources */ = {isa = PBXBuildFile; fileRef = 111EC0741DB8E24600E86256 /* main.m */; };
		111EC0781DB8E24600E86256 /* AppDelegate.m in Sources */ = {isa = PBXBuildFile; fileRef = 111EC0771DB8E24600E86256 /* AppDelegate.m */; };
		111EC07B1DB8E24600E86256 /* ViewController.m in Sources */ = {isa = PBXBuildFile; fileRef = 111EC07A1DB8E24600E86256 /* ViewController.m */; };
		111EC07E1DB8E24600E86256 /* Main.storyboard in Resources */ = {isa = PBXBuildFile; fileRef = 111EC07C1DB8E24600E86256 /* Main.storyboard */; };
		111EC0801DB8E24600E86256 /* Assets.xcassets in Resources */ = {isa = PBXBuildFile; fileRef = 111EC07F1DB8E24600E86256 /* Assets.xcassets */; };
		111EC0831DB8E24600E86256 /* LaunchScreen.storyboard in Resources */ = {isa = PBXBuildFile; fileRef = 111EC0811DB8E24600E86256 /* LaunchScreen.storyboard */; };
		111EC08E1DB8E24600E86256 /* CalendarProjectTests.m in Sources */ = {isa = PBXBuildFile; fileRef = 111EC08D1DB8E24600E86256 /* CalendarProjectTests.m */; };
		111EC0991DB8E24600E86256 /* CalendarProjectUITests.m in Sources */ = {isa = PBXBuildFile; fileRef = 111EC0981DB8E24600E86256 /* CalendarProjectUITests.m */; };
		111EC0A91DB8E26300E86256 /* GridViewController.m in Sources */ = {isa = PBXBuildFile; fileRef = 111EC0A71DB8E26300E86256 /* GridViewController.m */; };
		111EC0AA1DB8E26300E86256 /* GridViewController.xib in Resources */ = {isa = PBXBuildFile; fileRef = 111EC0A81DB8E26300E86256 /* GridViewController.xib */; };
		111EC0B61DB8E28700E86256 /* fontawesome-webfont.ttf in Resources */ = {isa = PBXBuildFile; fileRef = 111EC0AC1DB8E28700E86256 /* fontawesome-webfont.ttf */; };
		111EC0B71DB8E28700E86256 /* NSString+FontAwesome.m in Sources */ = {isa = PBXBuildFile; fileRef = 111EC0AE1DB8E28700E86256 /* NSString+FontAwesome.m */; };
		111EC0B81DB8E28700E86256 /* ufonts.com_dinneuzeitgrotesk-light.ttf in Resources */ = {isa = PBXBuildFile; fileRef = 111EC0AF1DB8E28700E86256 /* ufonts.com_dinneuzeitgrotesk-light.ttf */; };
		111EC0B91DB8E28700E86256 /* UIColor+Expanded.m in Sources */ = {isa = PBXBuildFile; fileRef = 111EC0B11DB8E28700E86256 /* UIColor+Expanded.m */; };
		111EC0BA1DB8E28700E86256 /* UIFont+FontAwesome.m in Sources */ = {isa = PBXBuildFile; fileRef = 111EC0B31DB8E28700E86256 /* UIFont+FontAwesome.m */; };
		111EC0BB1DB8E28700E86256 /* UIImage+FontAwesome.m in Sources */ = {isa = PBXBuildFile; fileRef = 111EC0B51DB8E28700E86256 /* UIImage+FontAwesome.m */; };
		111EC0C01DB8E29700E86256 /* OpenSans-Bold.ttf in Resources */ = {isa = PBXBuildFile; fileRef = 111EC0BD1DB8E29700E86256 /* OpenSans-Bold.ttf */; };
		111EC0C11DB8E29700E86256 /* OpenSans-Bold.ttf in Resources */ = {isa = PBXBuildFile; fileRef = 111EC0BD1DB8E29700E86256 /* OpenSans-Bold.ttf */; };
		111EC0C21DB8E29700E86256 /* OpenSans-ExtraBold.ttf in Resources */ = {isa = PBXBuildFile; fileRef = 111EC0BE1DB8E29700E86256 /* OpenSans-ExtraBold.ttf */; };
		111EC0C31DB8E29700E86256 /* OpenSans-ExtraBold.ttf in Resources */ = {isa = PBXBuildFile; fileRef = 111EC0BE1DB8E29700E86256 /* OpenSans-ExtraBold.ttf */; };
		111EC0C41DB8E29700E86256 /* OpenSans-Regular.ttf in Resources */ = {isa = PBXBuildFile; fileRef = 111EC0BF1DB8E29700E86256 /* OpenSans-Regular.ttf */; };
		111EC0C51DB8E29700E86256 /* OpenSans-Regular.ttf in Resources */ = {isa = PBXBuildFile; fileRef = 111EC0BF1DB8E29700E86256 /* OpenSans-Regular.ttf */; };
		111EC0C91DB8E31400E86256 /* GridVO.m in Sources */ = {isa = PBXBuildFile; fileRef = 111EC0C81DB8E31400E86256 /* GridVO.m */; };
		111EC0CA1DB8E31400E86256 /* GridVO.m in Sources */ = {isa = PBXBuildFile; fileRef = 111EC0C81DB8E31400E86256 /* GridVO.m */; };
/* End PBXBuildFile section */

/* Begin PBXContainerItemProxy section */
		111EC08A1DB8E24600E86256 /* PBXContainerItemProxy */ = {
			isa = PBXContainerItemProxy;
			containerPortal = 111EC0681DB8E24500E86256 /* Project object */;
			proxyType = 1;
			remoteGlobalIDString = 111EC06F1DB8E24600E86256;
			remoteInfo = CalendarProject;
		};
		111EC0951DB8E24600E86256 /* PBXContainerItemProxy */ = {
			isa = PBXContainerItemProxy;
			containerPortal = 111EC0681DB8E24500E86256 /* Project object */;
			proxyType = 1;
			remoteGlobalIDString = 111EC06F1DB8E24600E86256;
			remoteInfo = CalendarProject;
		};
/* End PBXContainerItemProxy section */

/* Begin PBXFileReference section */
		111EC0701DB8E24600E86256 /* CalendarProject.app */ = {isa = PBXFileReference; explicitFileType = wrapper.application; includeInIndex = 0; path = CalendarProject.app; sourceTree = BUILT_PRODUCTS_DIR; };
		111EC0741DB8E24600E86256 /* main.m */ = {isa = PBXFileReference; lastKnownFileType = sourcecode.c.objc; path = main.m; sourceTree = "<group>"; };
		111EC0761DB8E24600E86256 /* AppDelegate.h */ = {isa = PBXFileReference; lastKnownFileType = sourcecode.c.h; path = AppDelegate.h; sourceTree = "<group>"; };
		111EC0771DB8E24600E86256 /* AppDelegate.m */ = {isa = PBXFileReference; lastKnownFileType = sourcecode.c.objc; path = AppDelegate.m; sourceTree = "<group>"; };
		111EC0791DB8E24600E86256 /* ViewController.h */ = {isa = PBXFileReference; lastKnownFileType = sourcecode.c.h; path = ViewController.h; sourceTree = "<group>"; };
		111EC07A1DB8E24600E86256 /* ViewController.m */ = {isa = PBXFileReference; lastKnownFileType = sourcecode.c.objc; path = ViewController.m; sourceTree = "<group>"; };
		111EC07D1DB8E24600E86256 /* Base */ = {isa = PBXFileReference; lastKnownFileType = file.storyboard; name = Base; path = Base.lproj/Main.storyboard; sourceTree = "<group>"; };
		111EC07F1DB8E24600E86256 /* Assets.xcassets */ = {isa = PBXFileReference; lastKnownFileType = folder.assetcatalog; path = Assets.xcassets; sourceTree = "<group>"; };
		111EC0821DB8E24600E86256 /* Base */ = {isa = PBXFileReference; lastKnownFileType = file.storyboard; name = Base; path = Base.lproj/LaunchScreen.storyboard; sourceTree = "<group>"; };
		111EC0841DB8E24600E86256 /* Info.plist */ = {isa = PBXFileReference; lastKnownFileType = text.plist.xml; path = Info.plist; sourceTree = "<group>"; };
		111EC0891DB8E24600E86256 /* CalendarProjectTests.xctest */ = {isa = PBXFileReference; explicitFileType = wrapper.cfbundle; includeInIndex = 0; path = CalendarProjectTests.xctest; sourceTree = BUILT_PRODUCTS_DIR; };
		111EC08D1DB8E24600E86256 /* CalendarProjectTests.m */ = {isa = PBXFileReference; lastKnownFileType = sourcecode.c.objc; path = CalendarProjectTests.m; sourceTree = "<group>"; };
		111EC08F1DB8E24600E86256 /* Info.plist */ = {isa = PBXFileReference; lastKnownFileType = text.plist.xml; path = Info.plist; sourceTree = "<group>"; };
		111EC0941DB8E24600E86256 /* CalendarProjectUITests.xctest */ = {isa = PBXFileReference; explicitFileType = wrapper.cfbundle; includeInIndex = 0; path = CalendarProjectUITests.xctest; sourceTree = BUILT_PRODUCTS_DIR; };
		111EC0981DB8E24600E86256 /* CalendarProjectUITests.m */ = {isa = PBXFileReference; lastKnownFileType = sourcecode.c.objc; path = CalendarProjectUITests.m; sourceTree = "<group>"; };
		111EC09A1DB8E24600E86256 /* Info.plist */ = {isa = PBXFileReference; lastKnownFileType = text.plist.xml; path = Info.plist; sourceTree = "<group>"; };
		111EC0A61DB8E26300E86256 /* GridViewController.h */ = {isa = PBXFileReference; fileEncoding = 4; lastKnownFileType = sourcecode.c.h; path = GridViewController.h; sourceTree = "<group>"; };
		111EC0A71DB8E26300E86256 /* GridViewController.m */ = {isa = PBXFileReference; fileEncoding = 4; lastKnownFileType = sourcecode.c.objc; path = GridViewController.m; sourceTree = "<group>"; };
		111EC0A81DB8E26300E86256 /* GridViewController.xib */ = {isa = PBXFileReference; fileEncoding = 4; lastKnownFileType = file.xib; path = GridViewController.xib; sourceTree = "<group>"; };
		111EC0AC1DB8E28700E86256 /* fontawesome-webfont.ttf */ = {isa = PBXFileReference; lastKnownFileType = file; name = "fontawesome-webfont.ttf"; path = "font/fontawesome-webfont.ttf"; sourceTree = "<group>"; };
		111EC0AD1DB8E28700E86256 /* NSString+FontAwesome.h */ = {isa = PBXFileReference; fileEncoding = 4; lastKnownFileType = sourcecode.c.h; name = "NSString+FontAwesome.h"; path = "font/NSString+FontAwesome.h"; sourceTree = "<group>"; };
		111EC0AE1DB8E28700E86256 /* NSString+FontAwesome.m */ = {isa = PBXFileReference; fileEncoding = 4; lastKnownFileType = sourcecode.c.objc; name = "NSString+FontAwesome.m"; path = "font/NSString+FontAwesome.m"; sourceTree = "<group>"; };
		111EC0AF1DB8E28700E86256 /* ufonts.com_dinneuzeitgrotesk-light.ttf */ = {isa = PBXFileReference; lastKnownFileType = file; name = "ufonts.com_dinneuzeitgrotesk-light.ttf"; path = "font/ufonts.com_dinneuzeitgrotesk-light.ttf"; sourceTree = "<group>"; };
		111EC0B01DB8E28700E86256 /* UIColor+Expanded.h */ = {isa = PBXFileReference; fileEncoding = 4; lastKnownFileType = sourcecode.c.h; name = "UIColor+Expanded.h"; path = "font/UIColor+Expanded.h"; sourceTree = "<group>"; };
		111EC0B11DB8E28700E86256 /* UIColor+Expanded.m */ = {isa = PBXFileReference; fileEncoding = 4; lastKnownFileType = sourcecode.c.objc; name = "UIColor+Expanded.m"; path = "font/UIColor+Expanded.m"; sourceTree = "<group>"; };
		111EC0B21DB8E28700E86256 /* UIFont+FontAwesome.h */ = {isa = PBXFileReference; fileEncoding = 4; lastKnownFileType = sourcecode.c.h; name = "UIFont+FontAwesome.h"; path = "font/UIFont+FontAwesome.h"; sourceTree = "<group>"; };
		111EC0B31DB8E28700E86256 /* UIFont+FontAwesome.m */ = {isa = PBXFileReference; fileEncoding = 4; lastKnownFileType = sourcecode.c.objc; name = "UIFont+FontAwesome.m"; path = "font/UIFont+FontAwesome.m"; sourceTree = "<group>"; };
		111EC0B41DB8E28700E86256 /* UIImage+FontAwesome.h */ = {isa = PBXFileReference; fileEncoding = 4; lastKnownFileType = sourcecode.c.h; name = "UIImage+FontAwesome.h"; path = "font/UIImage+FontAwesome.h"; sourceTree = "<group>"; };
		111EC0B51DB8E28700E86256 /* UIImage+FontAwesome.m */ = {isa = PBXFileReference; fileEncoding = 4; lastKnownFileType = sourcecode.c.objc; name = "UIImage+FontAwesome.m"; path = "font/UIImage+FontAwesome.m"; sourceTree = "<group>"; };
		111EC0BD1DB8E29700E86256 /* OpenSans-Bold.ttf */ = {isa = PBXFileReference; lastKnownFileType = file; name = "OpenSans-Bold.ttf"; path = "font/CustomFonts/OpenSans-Bold.ttf"; sourceTree = "<group>"; };
		111EC0BE1DB8E29700E86256 /* OpenSans-ExtraBold.ttf */ = {isa = PBXFileReference; lastKnownFileType = file; name = "OpenSans-ExtraBold.ttf"; path = "font/CustomFonts/OpenSans-ExtraBold.ttf"; sourceTree = "<group>"; };
		111EC0BF1DB8E29700E86256 /* OpenSans-Regular.ttf */ = {isa = PBXFileReference; lastKnownFileType = file; name = "OpenSans-Regular.ttf"; path = "font/CustomFonts/OpenSans-Regular.ttf"; sourceTree = "<group>"; };
		111EC0C71DB8E31400E86256 /* GridVO.h */ = {isa = PBXFileReference; fileEncoding = 4; lastKnownFileType = sourcecode.c.h; name = GridVO.h; path = VO/GridVO.h; sourceTree = "<group>"; };
		111EC0C81DB8E31400E86256 /* GridVO.m */ = {isa = PBXFileReference; fileEncoding = 4; lastKnownFileType = sourcecode.c.objc; name = GridVO.m; path = VO/GridVO.m; sourceTree = "<group>"; };
/* End PBXFileReference section */

/* Begin PBXFrameworksBuildPhase section */
		111EC06D1DB8E24600E86256 /* Frameworks */ = {
			isa = PBXFrameworksBuildPhase;
			buildActionMask = 2147483647;
			files = (
			);
			runOnlyForDeploymentPostprocessing = 0;
		};
		111EC0861DB8E24600E86256 /* Frameworks */ = {
			isa = PBXFrameworksBuildPhase;
			buildActionMask = 2147483647;
			files = (
			);
			runOnlyForDeploymentPostprocessing = 0;
		};
		111EC0911DB8E24600E86256 /* Frameworks */ = {
			isa = PBXFrameworksBuildPhase;
			buildActionMask = 2147483647;
			files = (
			);
			runOnlyForDeploymentPostprocessing = 0;
		};
/* End PBXFrameworksBuildPhase section */

/* Begin PBXGroup section */
		111EC0671DB8E24500E86256 = {
			isa = PBXGroup;
			children = (
				111EC0721DB8E24600E86256 /* CalendarProject */,
				111EC08C1DB8E24600E86256 /* CalendarProjectTests */,
				111EC0971DB8E24600E86256 /* CalendarProjectUITests */,
				111EC0711DB8E24600E86256 /* Products */,
			);
			sourceTree = "<group>";
		};
		111EC0711DB8E24600E86256 /* Products */ = {
			isa = PBXGroup;
			children = (
				111EC0701DB8E24600E86256 /* CalendarProject.app */,
				111EC0891DB8E24600E86256 /* CalendarProjectTests.xctest */,
				111EC0941DB8E24600E86256 /* CalendarProjectUITests.xctest */,
			);
			name = Products;
			sourceTree = "<group>";
		};
		111EC0721DB8E24600E86256 /* CalendarProject */ = {
			isa = PBXGroup;
			children = (
				111EC0C61DB8E2F400E86256 /* VO */,
				111EC0AB1DB8E27D00E86256 /* font */,
				111EC0761DB8E24600E86256 /* AppDelegate.h */,
				111EC0771DB8E24600E86256 /* AppDelegate.m */,
				111EC0791DB8E24600E86256 /* ViewController.h */,
				111EC07A1DB8E24600E86256 /* ViewController.m */,
				111EC0A61DB8E26300E86256 /* GridViewController.h */,
				111EC0A71DB8E26300E86256 /* GridViewController.m */,
				111EC0A81DB8E26300E86256 /* GridViewController.xib */,
				111EC07C1DB8E24600E86256 /* Main.storyboard */,
				111EC07F1DB8E24600E86256 /* Assets.xcassets */,
				111EC0811DB8E24600E86256 /* LaunchScreen.storyboard */,
				111EC0841DB8E24600E86256 /* Info.plist */,
				111EC0731DB8E24600E86256 /* Supporting Files */,
			);
			path = CalendarProject;
			sourceTree = "<group>";
		};
		111EC0731DB8E24600E86256 /* Supporting Files */ = {
			isa = PBXGroup;
			children = (
				111EC0741DB8E24600E86256 /* main.m */,
			);
			name = "Supporting Files";
			sourceTree = "<group>";
		};
		111EC08C1DB8E24600E86256 /* CalendarProjectTests */ = {
			isa = PBXGroup;
			children = (
				111EC08D1DB8E24600E86256 /* CalendarProjectTests.m */,
				111EC08F1DB8E24600E86256 /* Info.plist */,
			);
			path = CalendarProjectTests;
			sourceTree = "<group>";
		};
		111EC0971DB8E24600E86256 /* CalendarProjectUITests */ = {
			isa = PBXGroup;
			children = (
				111EC0981DB8E24600E86256 /* CalendarProjectUITests.m */,
				111EC09A1DB8E24600E86256 /* Info.plist */,
			);
			path = CalendarProjectUITests;
			sourceTree = "<group>";
		};
		111EC0AB1DB8E27D00E86256 /* font */ = {
			isa = PBXGroup;
			children = (
				111EC0BC1DB8E28900E86256 /* CustomFonts */,
				111EC0AC1DB8E28700E86256 /* fontawesome-webfont.ttf */,
				111EC0AD1DB8E28700E86256 /* NSString+FontAwesome.h */,
				111EC0AE1DB8E28700E86256 /* NSString+FontAwesome.m */,
				111EC0AF1DB8E28700E86256 /* ufonts.com_dinneuzeitgrotesk-light.ttf */,
				111EC0B01DB8E28700E86256 /* UIColor+Expanded.h */,
				111EC0B11DB8E28700E86256 /* UIColor+Expanded.m */,
				111EC0B21DB8E28700E86256 /* UIFont+FontAwesome.h */,
				111EC0B31DB8E28700E86256 /* UIFont+FontAwesome.m */,
				111EC0B41DB8E28700E86256 /* UIImage+FontAwesome.h */,
				111EC0B51DB8E28700E86256 /* UIImage+FontAwesome.m */,
			);
			name = font;
			sourceTree = "<group>";
		};
		111EC0BC1DB8E28900E86256 /* CustomFonts */ = {
			isa = PBXGroup;
			children = (
				111EC0BD1DB8E29700E86256 /* OpenSans-Bold.ttf */,
				111EC0BE1DB8E29700E86256 /* OpenSans-ExtraBold.ttf */,
				111EC0BF1DB8E29700E86256 /* OpenSans-Regular.ttf */,
			);
			name = CustomFonts;
			sourceTree = "<group>";
		};
		111EC0C61DB8E2F400E86256 /* VO */ = {
			isa = PBXGroup;
			children = (
				111EC0C71DB8E31400E86256 /* GridVO.h */,
				111EC0C81DB8E31400E86256 /* GridVO.m */,
			);
			name = VO;
			sourceTree = "<group>";
		};
/* End PBXGroup section */

/* Begin PBXNativeTarget section */
		111EC06F1DB8E24600E86256 /* CalendarProject */ = {
			isa = PBXNativeTarget;
			buildConfigurationList = 111EC09D1DB8E24600E86256 /* Build configuration list for PBXNativeTarget "CalendarProject" */;
			buildPhases = (
				111EC06C1DB8E24600E86256 /* Sources */,
				111EC06D1DB8E24600E86256 /* Frameworks */,
				111EC06E1DB8E24600E86256 /* Resources */,
			);
			buildRules = (
			);
			dependencies = (
			);
			name = CalendarProject;
			productName = CalendarProject;
			productReference = 111EC0701DB8E24600E86256 /* CalendarProject.app */;
			productType = "com.apple.product-type.application";
		};
		111EC0881DB8E24600E86256 /* CalendarProjectTests */ = {
			isa = PBXNativeTarget;
			buildConfigurationList = 111EC0A01DB8E24600E86256 /* Build configuration list for PBXNativeTarget "CalendarProjectTests" */;
			buildPhases = (
				111EC0851DB8E24600E86256 /* Sources */,
				111EC0861DB8E24600E86256 /* Frameworks */,
				111EC0871DB8E24600E86256 /* Resources */,
			);
			buildRules = (
			);
			dependencies = (
				111EC08B1DB8E24600E86256 /* PBXTargetDependency */,
			);
			name = CalendarProjectTests;
			productName = CalendarProjectTests;
			productReference = 111EC0891DB8E24600E86256 /* CalendarProjectTests.xctest */;
			productType = "com.apple.product-type.bundle.unit-test";
		};
		111EC0931DB8E24600E86256 /* CalendarProjectUITests */ = {
			isa = PBXNativeTarget;
			buildConfigurationList = 111EC0A31DB8E24600E86256 /* Build configuration list for PBXNativeTarget "CalendarProjectUITests" */;
			buildPhases = (
				111EC0901DB8E24600E86256 /* Sources */,
				111EC0911DB8E24600E86256 /* Frameworks */,
				111EC0921DB8E24600E86256 /* Resources */,
			);
			buildRules = (
			);
			dependencies = (
				111EC0961DB8E24600E86256 /* PBXTargetDependency */,
			);
			name = CalendarProjectUITests;
			productName = CalendarProjectUITests;
			productReference = 111EC0941DB8E24600E86256 /* CalendarProjectUITests.xctest */;
			productType = "com.apple.product-type.bundle.ui-testing";
		};
/* End PBXNativeTarget section */

/* Begin PBXProject section */
		111EC0681DB8E24500E86256 /* Project object */ = {
			isa = PBXProject;
			attributes = {
				LastUpgradeCheck = 0800;
				ORGANIZATIONNAME = Infinitum;
				TargetAttributes = {
					111EC06F1DB8E24600E86256 = {
						CreatedOnToolsVersion = 8.0;
						ProvisioningStyle = Automatic;
					};
					111EC0881DB8E24600E86256 = {
						CreatedOnToolsVersion = 8.0;
						ProvisioningStyle = Automatic;
						TestTargetID = 111EC06F1DB8E24600E86256;
					};
					111EC0931DB8E24600E86256 = {
						CreatedOnToolsVersion = 8.0;
						ProvisioningStyle = Automatic;
						TestTargetID = 111EC06F1DB8E24600E86256;
					};
				};
			};
			buildConfigurationList = 111EC06B1DB8E24500E86256 /* Build configuration list for PBXProject "CalendarProject" */;
			compatibilityVersion = "Xcode 3.2";
			developmentRegion = English;
			hasScannedForEncodings = 0;
			knownRegions = (
				en,
				Base,
			);
			mainGroup = 111EC0671DB8E24500E86256;
			productRefGroup = 111EC0711DB8E24600E86256 /* Products */;
			projectDirPath = "";
			projectRoot = "";
			targets = (
				111EC06F1DB8E24600E86256 /* CalendarProject */,
				111EC0881DB8E24600E86256 /* CalendarProjectTests */,
				111EC0931DB8E24600E86256 /* CalendarProjectUITests */,
			);
		};
/* End PBXProject section */

/* Begin PBXResourcesBuildPhase section */
		111EC06E1DB8E24600E86256 /* Resources */ = {
			isa = PBXResourcesBuildPhase;
			buildActionMask = 2147483647;
			files = (
				111EC0B81DB8E28700E86256 /* ufonts.com_dinneuzeitgrotesk-light.ttf in Resources */,
				111EC0C01DB8E29700E86256 /* OpenSans-Bold.ttf in Resources */,
				111EC0AA1DB8E26300E86256 /* GridViewController.xib in Resources */,
				111EC0C21DB8E29700E86256 /* OpenSans-ExtraBold.ttf in Resources */,
				111EC0831DB8E24600E86256 /* LaunchScreen.storyboard in Resources */,
				111EC0B61DB8E28700E86256 /* fontawesome-webfont.ttf in Resources */,
				111EC0801DB8E24600E86256 /* Assets.xcassets in Resources */,
				111EC0C41DB8E29700E86256 /* OpenSans-Regular.ttf in Resources */,
				111EC07E1DB8E24600E86256 /* Main.storyboard in Resources */,
			);
			runOnlyForDeploymentPostprocessing = 0;
		};
		111EC0871DB8E24600E86256 /* Resources */ = {
			isa = PBXResourcesBuildPhase;
			buildActionMask = 2147483647;
			files = (
				111EC0C11DB8E29700E86256 /* OpenSans-Bold.ttf in Resources */,
				111EC0C51DB8E29700E86256 /* OpenSans-Regular.ttf in Resources */,
				111EC0C31DB8E29700E86256 /* OpenSans-ExtraBold.ttf in Resources */,
			);
			runOnlyForDeploymentPostprocessing = 0;
		};
		111EC0921DB8E24600E86256 /* Resources */ = {
			isa = PBXResourcesBuildPhase;
			buildActionMask = 2147483647;
			files = (
			);
			runOnlyForDeploymentPostprocessing = 0;
		};
/* End PBXResourcesBuildPhase section */

/* Begin PBXSourcesBuildPhase section */
		111EC06C1DB8E24600E86256 /* Sources */ = {
			isa = PBXSourcesBuildPhase;
			buildActionMask = 2147483647;
			files = (
				111EC0C91DB8E31400E86256 /* GridVO.m in Sources */,
				111EC0B91DB8E28700E86256 /* UIColor+Expanded.m in Sources */,
				111EC0B71DB8E28700E86256 /* NSString+FontAwesome.m in Sources */,
				111EC0A91DB8E26300E86256 /* GridViewController.m in Sources */,
				111EC07B1DB8E24600E86256 /* ViewController.m in Sources */,
				111EC0BB1DB8E28700E86256 /* UIImage+FontAwesome.m in Sources */,
				111EC0BA1DB8E28700E86256 /* UIFont+FontAwesome.m in Sources */,
				111EC0781DB8E24600E86256 /* AppDelegate.m in Sources */,
				111EC0751DB8E24600E86256 /* main.m in Sources */,
			);
			runOnlyForDeploymentPostprocessing = 0;
		};
		111EC0851DB8E24600E86256 /* Sources */ = {
			isa = PBXSourcesBuildPhase;
			buildActionMask = 2147483647;
			files = (
				111EC0CA1DB8E31400E86256 /* GridVO.m in Sources */,
				111EC08E1DB8E24600E86256 /* CalendarProjectTests.m in Sources */,
			);
			runOnlyForDeploymentPostprocessing = 0;
		};
		111EC0901DB8E24600E86256 /* Sources */ = {
			isa = PBXSourcesBuildPhase;
			buildActionMask = 2147483647;
			files = (
				111EC0991DB8E24600E86256 /* CalendarProjectUITests.m in Sources */,
			);
			runOnlyForDeploymentPostprocessing = 0;
		};
/* End PBXSourcesBuildPhase section */

/* Begin PBXTargetDependency section */
		111EC08B1DB8E24600E86256 /* PBXTargetDependency */ = {
			isa = PBXTargetDependency;
			target = 111EC06F1DB8E24600E86256 /* CalendarProject */;
			targetProxy = 111EC08A1DB8E24600E86256 /* PBXContainerItemProxy */;
		};
		111EC0961DB8E24600E86256 /* PBXTargetDependency */ = {
			isa = PBXTargetDependency;
			target = 111EC06F1DB8E24600E86256 /* CalendarProject */;
			targetProxy = 111EC0951DB8E24600E86256 /* PBXContainerItemProxy */;
		};
/* End PBXTargetDependency section */

/* Begin PBXVariantGroup section */
		111EC07C1DB8E24600E86256 /* Main.storyboard */ = {
			isa = PBXVariantGroup;
			children = (
				111EC07D1DB8E24600E86256 /* Base */,
			);
			name = Main.storyboard;
			sourceTree = "<group>";
		};
		111EC0811DB8E24600E86256 /* LaunchScreen.storyboard */ = {
			isa = PBXVariantGroup;
			children = (
				111EC0821DB8E24600E86256 /* Base */,
			);
			name = LaunchScreen.storyboard;
			sourceTree = "<group>";
		};
/* End PBXVariantGroup section */

/* Begin XCBuildConfiguration section */
		111EC09B1DB8E24600E86256 /* Debug */ = {
			isa = XCBuildConfiguration;
			buildSettings = {
				ALWAYS_SEARCH_USER_PATHS = NO;
				CLANG_ANALYZER_NONNULL = YES;
				CLANG_CXX_LANGUAGE_STANDARD = "gnu++0x";
				CLANG_CXX_LIBRARY = "libc++";
				CLANG_ENABLE_MODULES = YES;
				CLANG_ENABLE_OBJC_ARC = YES;
				CLANG_WARN_BOOL_CONVERSION = YES;
				CLANG_WARN_CONSTANT_CONVERSION = YES;
				CLANG_WARN_DIRECT_OBJC_ISA_USAGE = YES_ERROR;
				CLANG_WARN_DOCUMENTATION_COMMENTS = YES;
				CLANG_WARN_EMPTY_BODY = YES;
				CLANG_WARN_ENUM_CONVERSION = YES;
				CLANG_WARN_INFINITE_RECURSION = YES;
				CLANG_WARN_INT_CONVERSION = YES;
				CLANG_WARN_OBJC_ROOT_CLASS = YES_ERROR;
				CLANG_WARN_SUSPICIOUS_MOVES = YES;
				CLANG_WARN_UNREACHABLE_CODE = YES;
				CLANG_WARN__DUPLICATE_METHOD_MATCH = YES;
				"CODE_SIGN_IDENTITY[sdk=iphoneos*]" = "iPhone Developer";
				COPY_PHASE_STRIP = NO;
				DEBUG_INFORMATION_FORMAT = dwarf;
				ENABLE_STRICT_OBJC_MSGSEND = YES;
				ENABLE_TESTABILITY = YES;
				GCC_C_LANGUAGE_STANDARD = gnu99;
				GCC_DYNAMIC_NO_PIC = NO;
				GCC_NO_COMMON_BLOCKS = YES;
				GCC_OPTIMIZATION_LEVEL = 0;
				GCC_PREPROCESSOR_DEFINITIONS = (
					"DEBUG=1",
					"$(inherited)",
				);
				GCC_WARN_64_TO_32_BIT_CONVERSION = YES;
				GCC_WARN_ABOUT_RETURN_TYPE = YES_ERROR;
				GCC_WARN_UNDECLARED_SELECTOR = YES;
				GCC_WARN_UNINITIALIZED_AUTOS = YES_AGGRESSIVE;
				GCC_WARN_UNUSED_FUNCTION = YES;
				GCC_WARN_UNUSED_VARIABLE = YES;
				IPHONEOS_DEPLOYMENT_TARGET = 10.0;
				MTL_ENABLE_DEBUG_INFO = YES;
				ONLY_ACTIVE_ARCH = YES;
				SDKROOT = iphoneos;
			};
			name = Debug;
		};
		111EC09C1DB8E24600E86256 /* Release */ = {
			isa = XCBuildConfiguration;
			buildSettings = {
				ALWAYS_SEARCH_USER_PATHS = NO;
				CLANG_ANALYZER_NONNULL = YES;
				CLANG_CXX_LANGUAGE_STANDARD = "gnu++0x";
				CLANG_CXX_LIBRARY = "libc++";
				CLANG_ENABLE_MODULES = YES;
				CLANG_ENABLE_OBJC_ARC = YES;
				CLANG_WARN_BOOL_CONVERSION = YES;
				CLANG_WARN_CONSTANT_CONVERSION = YES;
				CLANG_WARN_DIRECT_OBJC_ISA_USAGE = YES_ERROR;
				CLANG_WARN_DOCUMENTATION_COMMENTS = YES;
				CLANG_WARN_EMPTY_BODY = YES;
				CLANG_WARN_ENUM_CONVERSION = YES;
				CLANG_WARN_INFINITE_RECURSION = YES;
				CLANG_WARN_INT_CONVERSION = YES;
				CLANG_WARN_OBJC_ROOT_CLASS = YES_ERROR;
				CLANG_WARN_SUSPICIOUS_MOVES = YES;
				CLANG_WARN_UNREACHABLE_CODE = YES;
				CLANG_WARN__DUPLICATE_METHOD_MATCH = YES;
				"CODE_SIGN_IDENTITY[sdk=iphoneos*]" = "iPhone Developer";
				COPY_PHASE_STRIP = NO;
				DEBUG_INFORMATION_FORMAT = "dwarf-with-dsym";
				ENABLE_NS_ASSERTIONS = NO;
				ENABLE_STRICT_OBJC_MSGSEND = YES;
				GCC_C_LANGUAGE_STANDARD = gnu99;
				GCC_NO_COMMON_BLOCKS = YES;
				GCC_WARN_64_TO_32_BIT_CONVERSION = YES;
				GCC_WARN_ABOUT_RETURN_TYPE = YES_ERROR;
				GCC_WARN_UNDECLARED_SELECTOR = YES;
				GCC_WARN_UNINITIALIZED_AUTOS = YES_AGGRESSIVE;
				GCC_WARN_UNUSED_FUNCTION = YES;
				GCC_WARN_UNUSED_VARIABLE = YES;
				IPHONEOS_DEPLOYMENT_TARGET = 10.0;
				MTL_ENABLE_DEBUG_INFO = NO;
				SDKROOT = iphoneos;
				VALIDATE_PRODUCT = YES;
			};
			name = Release;
		};
		111EC09E1DB8E24600E86256 /* Debug */ = {
			isa = XCBuildConfiguration;
			buildSettings = {
				ASSETCATALOG_COMPILER_APPICON_NAME = AppIcon;
				INFOPLIST_FILE = CalendarProject/Info.plist;
				LD_RUNPATH_SEARCH_PATHS = "$(inherited) @executable_path/Frameworks";
				PRODUCT_BUNDLE_IDENTIFIER = com.Infinitum.CalendarProject;
				PRODUCT_NAME = "$(TARGET_NAME)";
			};
			name = Debug;
		};
		111EC09F1DB8E24600E86256 /* Release */ = {
			isa = XCBuildConfiguration;
			buildSettings = {
				ASSETCATALOG_COMPILER_APPICON_NAME = AppIcon;
				INFOPLIST_FILE = CalendarProject/Info.plist;
				LD_RUNPATH_SEARCH_PATHS = "$(inherited) @executable_path/Frameworks";
				PRODUCT_BUNDLE_IDENTIFIER = com.Infinitum.CalendarProject;
				PRODUCT_NAME = "$(TARGET_NAME)";
			};
			name = Release;
		};
		111EC0A11DB8E24600E86256 /* Debug */ = {
			isa = XCBuildConfiguration;
			buildSettings = {
				BUNDLE_LOADER = "$(TEST_HOST)";
				INFOPLIST_FILE = CalendarProjectTests/Info.plist;
				LD_RUNPATH_SEARCH_PATHS = "$(inherited) @executable_path/Frameworks @loader_path/Frameworks";
				PRODUCT_BUNDLE_IDENTIFIER = com.Infinitum.CalendarProjectTests;
				PRODUCT_NAME = "$(TARGET_NAME)";
				TEST_HOST = "$(BUILT_PRODUCTS_DIR)/CalendarProject.app/CalendarProject";
			};
			name = Debug;
		};
		111EC0A21DB8E24600E86256 /* Release */ = {
			isa = XCBuildConfiguration;
			buildSettings = {
				BUNDLE_LOADER = "$(TEST_HOST)";
				INFOPLIST_FILE = CalendarProjectTests/Info.plist;
				LD_RUNPATH_SEARCH_PATHS = "$(inherited) @executable_path/Frameworks @loader_path/Frameworks";
				PRODUCT_BUNDLE_IDENTIFIER = com.Infinitum.CalendarProjectTests;
				PRODUCT_NAME = "$(TARGET_NAME)";
				TEST_HOST = "$(BUILT_PRODUCTS_DIR)/CalendarProject.app/CalendarProject";
			};
			name = Release;
		};
		111EC0A41DB8E24600E86256 /* Debug */ = {
			isa = XCBuildConfiguration;
			buildSettings = {
				INFOPLIST_FILE = CalendarProjectUITests/Info.plist;
				LD_RUNPATH_SEARCH_PATHS = "$(inherited) @executable_path/Frameworks @loader_path/Frameworks";
				PRODUCT_BUNDLE_IDENTIFIER = com.Infinitum.CalendarProjectUITests;
				PRODUCT_NAME = "$(TARGET_NAME)";
				TEST_TARGET_NAME = CalendarProject;
			};
			name = Debug;
		};
		111EC0A51DB8E24600E86256 /* Release */ = {
			isa = XCBuildConfiguration;
			buildSettings = {
				INFOPLIST_FILE = CalendarProjectUITests/Info.plist;
				LD_RUNPATH_SEARCH_PATHS = "$(inherited) @executable_path/Frameworks @loader_path/Frameworks";
				PRODUCT_BUNDLE_IDENTIFIER = com.Infinitum.CalendarProjectUITests;
				PRODUCT_NAME = "$(TARGET_NAME)";
				TEST_TARGET_NAME = CalendarProject;
			};
			name = Release;
		};
/* End XCBuildConfiguration section */

/* Begin XCConfigurationList section */
		111EC06B1DB8E24500E86256 /* Build configuration list for PBXProject "CalendarProject" */ = {
			isa = XCConfigurationList;
			buildConfigurations = (
				111EC09B1DB8E24600E86256 /* Debug */,
				111EC09C1DB8E24600E86256 /* Release */,
			);
			defaultConfigurationIsVisible = 0;
			defaultConfigurationName = Release;
		};
		111EC09D1DB8E24600E86256 /* Build configuration list for PBXNativeTarget "CalendarProject" */ = {
			isa = XCConfigurationList;
			buildConfigurations = (
				111EC09E1DB8E24600E86256 /* Debug */,
				111EC09F1DB8E24600E86256 /* Release */,
			);
			defaultConfigurationIsVisible = 0;
		};
		111EC0A01DB8E24600E86256 /* Build configuration list for PBXNativeTarget "CalendarProjectTests" */ = {
			isa = XCConfigurationList;
			buildConfigurations = (
				111EC0A11DB8E24600E86256 /* Debug */,
				111EC0A21DB8E24600E86256 /* Release */,
			);
			defaultConfigurationIsVisible = 0;
		};
		111EC0A31DB8E24600E86256 /* Build configuration list for PBXNativeTarget "CalendarProjectUITests" */ = {
			isa = XCConfigurationList;
			buildConfigurations = (
				111EC0A41DB8E24600E86256 /* Debug */,
				111EC0A51DB8E24600E86256 /* Release */,
			);
			defaultConfigurationIsVisible = 0;
		};
/* End XCConfigurationList section */
	};
	rootObject = 111EC0681DB8E24500E86256 /* Project object */;
}
